
Microsoft Visual Studio Solution File, Format Version 12.00
# Visual Studio Version 16
VisualStudioVersion = 16.0.31613.86
MinimumVisualStudioVersion = 10.0.40219.1
Project("{FAE04EC0-301F-11D3-BF4B-00C04F79EFBC}") = "jjangchin-kiosk", "jjangchin-kiosk.csproj", "{A6AEEFB6-41B2-4D52-8C46-EE332A3FE2C1}"
EndProject
Global
	GlobalSection(SolutionConfigurationPlatforms) = preSolution
		Debug|Any CPU = Debug|Any CPU
		Release|Any CPU = Release|Any CPU
	EndGlobalSection
	GlobalSection(ProjectConfigurationPlatforms) = postSolution
		{A6AEEFB6-41B2-4D52-8C46-EE332A3FE2C1}.Debug|Any CPU.ActiveCfg = Debug|Any CPU
		{A6AEEFB6-41B2-4D52-8C46-EE332A3FE2C1}.Debug|Any CPU.Build.0 = Debug|Any CPU
		{A6AEEFB6-41B2-4D52-8C46-EE332A3FE2C1}.Release|Any CPU.ActiveCfg = Release|Any CPU
		{A6AEEFB6-41B2-4D52-8C46-EE332A3FE2C1}.Release|Any CPU.Build.0 = Release|Any CPU
	EndGlobalSection
	GlobalSection(SolutionProperties) = preSolution
		HideSolutionNode = FALSE
	EndGlobalSection
	GlobalSection(ExtensibilityGlobals) = postSolution
		SolutionGuid = {D3C8D0B0-787B-4E2F-8F81-4BC49D7EEC09}
	EndGlobalSection
EndGlobal
